
Microsoft Visual Studio Solution File, Format Version 12.00
# Visual Studio Version 17
VisualStudioVersion = 17.0.31903.59
MinimumVisualStudioVersion = 10.0.40219.1
Project("{2150E333-8FDC-42A3-9474-1A3956D46DE8}") = "src", "src", "{827E0CD3-B72D-47B6-A68D-7590B98EB39B}"
EndProject
Project("{FAE04EC0-301F-11D3-BF4B-00C04F79EFBC}") = "Kagura.Core", "src\Kagura.Core\Kagura.Core.csproj", "{93A2B217-C2BB-4A32-AA1D-A7DEBA0F588B}"
EndProject
Project("{FAE04EC0-301F-11D3-BF4B-00C04F79EFBC}") = "Kagura.Data", "src\Kagura.Data\Kagura.Data.csproj", "{21EF13E6-EAEA-440D-817B-8784163F4F14}"
EndProject
Project("{FAE04EC0-301F-11D3-BF4B-00C04F79EFBC}") = "Kagura.Api", "src\Kagura.Api\Kagura.Api.csproj", "{28835BAE-C308-42CF-B6D8-604D0E0EFAB9}"
EndProject
Project("{2150E333-8FDC-42A3-9474-1A3956D46DE8}") = "tests", "tests", "{0AB3BF05-4346-4AA6-1389-037BE0695223}"
EndProject
Project("{FAE04EC0-301F-11D3-BF4B-00C04F79EFBC}") = "Kagura.Tests", "tests\Kagura.Tests\Kagura.Tests.csproj", "{237BE346-13C6-4233-B0AD-B906EC12D57B}"
EndProject
Project("{FAE04EC0-301F-11D3-BF4B-00C04F79EFBC}") = "Kagura.AppHost", "src\Kagura.AppHost\Kagura.AppHost.csproj", "{10447429-E536-4098-A48F-A979842091C2}"
EndProject
Project("{FAE04EC0-301F-11D3-BF4B-00C04F79EFBC}") = "Kagura.ServiceDefaults", "src\Kagura.ServiceDefaults\Kagura.ServiceDefaults.csproj", "{0248C63E-B605-4B7C-9249-91D37FEF942F}"
EndProject
Global
	GlobalSection(SolutionConfigurationPlatforms) = preSolution
		Debug|Any CPU = Debug|Any CPU
		Debug|x64 = Debug|x64
		Debug|x86 = Debug|x86
		Release|Any CPU = Release|Any CPU
		Release|x64 = Release|x64
		Release|x86 = Release|x86
	EndGlobalSection
	GlobalSection(ProjectConfigurationPlatforms) = postSolution
		{93A2B217-C2BB-4A32-AA1D-A7DEBA0F588B}.Debug|Any CPU.ActiveCfg = Debug|Any CPU
		{93A2B217-C2BB-4A32-AA1D-A7DEBA0F588B}.Debug|Any CPU.Build.0 = Debug|Any CPU
		{93A2B217-C2BB-4A32-AA1D-A7DEBA0F588B}.Debug|x64.ActiveCfg = Debug|Any CPU
		{93A2B217-C2BB-4A32-AA1D-A7DEBA0F588B}.Debug|x64.Build.0 = Debug|Any CPU
		{93A2B217-C2BB-4A32-AA1D-A7DEBA0F588B}.Debug|x86.ActiveCfg = Debug|Any CPU
		{93A2B217-C2BB-4A32-AA1D-A7DEBA0F588B}.Debug|x86.Build.0 = Debug|Any CPU
		{93A2B217-C2BB-4A32-AA1D-A7DEBA0F588B}.Release|Any CPU.ActiveCfg = Release|Any CPU
		{93A2B217-C2BB-4A32-AA1D-A7DEBA0F588B}.Release|Any CPU.Build.0 = Release|Any CPU
		{93A2B217-C2BB-4A32-AA1D-A7DEBA0F588B}.Release|x64.ActiveCfg = Release|Any CPU
		{93A2B217-C2BB-4A32-AA1D-A7DEBA0F588B}.Release|x64.Build.0 = Release|Any CPU
		{93A2B217-C2BB-4A32-AA1D-A7DEBA0F588B}.Release|x86.ActiveCfg = Release|Any CPU
		{93A2B217-C2BB-4A32-AA1D-A7DEBA0F588B}.Release|x86.Build.0 = Release|Any CPU
		{21EF13E6-EAEA-440D-817B-8784163F4F14}.Debug|Any CPU.ActiveCfg = Debug|Any CPU
		{21EF13E6-EAEA-440D-817B-8784163F4F14}.Debug|Any CPU.Build.0 = Debug|Any CPU
		{21EF13E6-EAEA-440D-817B-8784163F4F14}.Debug|x64.ActiveCfg = Debug|Any CPU
		{21EF13E6-EAEA-440D-817B-8784163F4F14}.Debug|x64.Build.0 = Debug|Any CPU
		{21EF13E6-EAEA-440D-817B-8784163F4F14}.Debug|x86.ActiveCfg = Debug|Any CPU
		{21EF13E6-EAEA-440D-817B-8784163F4F14}.Debug|x86.Build.0 = Debug|Any CPU
		{21EF13E6-EAEA-440D-817B-8784163F4F14}.Release|Any CPU.ActiveCfg = Release|Any CPU
		{21EF13E6-EAEA-440D-817B-8784163F4F14}.Release|Any CPU.Build.0 = Release|Any CPU
		{21EF13E6-EAEA-440D-817B-8784163F4F14}.Release|x64.ActiveCfg = Release|Any CPU
		{21EF13E6-EAEA-440D-817B-8784163F4F14}.Release|x64.Build.0 = Release|Any CPU
		{21EF13E6-EAEA-440D-817B-8784163F4F14}.Release|x86.ActiveCfg = Release|Any CPU
		{21EF13E6-EAEA-440D-817B-8784163F4F14}.Release|x86.Build.0 = Release|Any CPU
		{28835BAE-C308-42CF-B6D8-604D0E0EFAB9}.Debug|Any CPU.ActiveCfg = Debug|Any CPU
		{28835BAE-C308-42CF-B6D8-604D0E0EFAB9}.Debug|Any CPU.Build.0 = Debug|Any CPU
		{28835BAE-C308-42CF-B6D8-604D0E0EFAB9}.Debug|x64.ActiveCfg = Debug|Any CPU
		{28835BAE-C308-42CF-B6D8-604D0E0EFAB9}.Debug|x64.Build.0 = Debug|Any CPU
		{28835BAE-C308-42CF-B6D8-604D0E0EFAB9}.Debug|x86.ActiveCfg = Debug|Any CPU
		{28835BAE-C308-42CF-B6D8-604D0E0EFAB9}.Debug|x86.Build.0 = Debug|Any CPU
		{28835BAE-C308-42CF-B6D8-604D0E0EFAB9}.Release|Any CPU.ActiveCfg = Release|Any CPU
		{28835BAE-C308-42CF-B6D8-604D0E0EFAB9}.Release|Any CPU.Build.0 = Release|Any CPU
		{28835BAE-C308-42CF-B6D8-604D0E0EFAB9}.Release|x64.ActiveCfg = Release|Any CPU
		{28835BAE-C308-42CF-B6D8-604D0E0EFAB9}.Release|x64.Build.0 = Release|Any CPU
		{28835BAE-C308-42CF-B6D8-604D0E0EFAB9}.Release|x86.ActiveCfg = Release|Any CPU
		{28835BAE-C308-42CF-B6D8-604D0E0EFAB9}.Release|x86.Build.0 = Release|Any CPU
		{237BE346-13C6-4233-B0AD-B906EC12D57B}.Debug|Any CPU.ActiveCfg = Debug|Any CPU
		{237BE346-13C6-4233-B0AD-B906EC12D57B}.Debug|Any CPU.Build.0 = Debug|Any CPU
		{237BE346-13C6-4233-B0AD-B906EC12D57B}.Debug|x64.ActiveCfg = Debug|Any CPU
		{237BE346-13C6-4233-B0AD-B906EC12D57B}.Debug|x64.Build.0 = Debug|Any CPU
		{237BE346-13C6-4233-B0AD-B906EC12D57B}.Debug|x86.ActiveCfg = Debug|Any CPU
		{237BE346-13C6-4233-B0AD-B906EC12D57B}.Debug|x86.Build.0 = Debug|Any CPU
		{237BE346-13C6-4233-B0AD-B906EC12D57B}.Release|Any CPU.ActiveCfg = Release|Any CPU
		{237BE346-13C6-4233-B0AD-B906EC12D57B}.Release|Any CPU.Build.0 = Release|Any CPU
		{237BE346-13C6-4233-B0AD-B906EC12D57B}.Release|x64.ActiveCfg = Release|Any CPU
		{237BE346-13C6-4233-B0AD-B906EC12D57B}.Release|x64.Build.0 = Release|Any CPU
		{237BE346-13C6-4233-B0AD-B906EC12D57B}.Release|x86.ActiveCfg = Release|Any CPU
		{237BE346-13C6-4233-B0AD-B906EC12D57B}.Release|x86.Build.0 = Release|Any CPU
		{10447429-E536-4098-A48F-A979842091C2}.Debug|Any CPU.ActiveCfg = Debug|Any CPU
		{10447429-E536-4098-A48F-A979842091C2}.Debug|Any CPU.Build.0 = Debug|Any CPU
		{10447429-E536-4098-A48F-A979842091C2}.Debug|x64.ActiveCfg = Debug|Any CPU
		{10447429-E536-4098-A48F-A979842091C2}.Debug|x64.Build.0 = Debug|Any CPU
		{10447429-E536-4098-A48F-A979842091C2}.Debug|x86.ActiveCfg = Debug|Any CPU
		{10447429-E536-4098-A48F-A979842091C2}.Debug|x86.Build.0 = Debug|Any CPU
		{10447429-E536-4098-A48F-A979842091C2}.Release|Any CPU.ActiveCfg = Release|Any CPU
		{10447429-E536-4098-A48F-A979842091C2}.Release|Any CPU.Build.0 = Release|Any CPU
		{10447429-E536-4098-A48F-A979842091C2}.Release|x64.ActiveCfg = Release|Any CPU
		{10447429-E536-4098-A48F-A979842091C2}.Release|x64.Build.0 = Release|Any CPU
		{10447429-E536-4098-A48F-A979842091C2}.Release|x86.ActiveCfg = Release|Any CPU
		{10447429-E536-4098-A48F-A979842091C2}.Release|x86.Build.0 = Release|Any CPU
		{0248C63E-B605-4B7C-9249-91D37FEF942F}.Debug|Any CPU.ActiveCfg = Debug|Any CPU
		{0248C63E-B605-4B7C-9249-91D37FEF942F}.Debug|Any CPU.Build.0 = Debug|Any CPU
		{0248C63E-B605-4B7C-9249-91D37FEF942F}.Debug|x64.ActiveCfg = Debug|Any CPU
		{0248C63E-B605-4B7C-9249-91D37FEF942F}.Debug|x64.Build.0 = Debug|Any CPU
		{0248C63E-B605-4B7C-9249-91D37FEF942F}.Debug|x86.ActiveCfg = Debug|Any CPU
		{0248C63E-B605-4B7C-9249-91D37FEF942F}.Debug|x86.Build.0 = Debug|Any CPU
		{0248C63E-B605-4B7C-9249-91D37FEF942F}.Release|Any CPU.ActiveCfg = Release|Any CPU
		{0248C63E-B605-4B7C-9249-91D37FEF942F}.Release|Any CPU.Build.0 = Release|Any CPU
		{0248C63E-B605-4B7C-9249-91D37FEF942F}.Release|x64.ActiveCfg = Release|Any CPU
		{0248C63E-B605-4B7C-9249-91D37FEF942F}.Release|x64.Build.0 = Release|Any CPU
		{0248C63E-B605-4B7C-9249-91D37FEF942F}.Release|x86.ActiveCfg = Release|Any CPU
		{0248C63E-B605-4B7C-9249-91D37FEF942F}.Release|x86.Build.0 = Release|Any CPU
	EndGlobalSection
	GlobalSection(SolutionProperties) = preSolution
		HideSolutionNode = FALSE
	EndGlobalSection
	GlobalSection(NestedProjects) = preSolution
		{93A2B217-C2BB-4A32-AA1D-A7DEBA0F588B} = {827E0CD3-B72D-47B6-A68D-7590B98EB39B}
		{21EF13E6-EAEA-440D-817B-8784163F4F14} = {827E0CD3-B72D-47B6-A68D-7590B98EB39B}
		{28835BAE-C308-42CF-B6D8-604D0E0EFAB9} = {827E0CD3-B72D-47B6-A68D-7590B98EB39B}
		{237BE346-13C6-4233-B0AD-B906EC12D57B} = {0AB3BF05-4346-4AA6-1389-037BE0695223}
		{10447429-E536-4098-A48F-A979842091C2} = {827E0CD3-B72D-47B6-A68D-7590B98EB39B}
		{0248C63E-B605-4B7C-9249-91D37FEF942F} = {827E0CD3-B72D-47B6-A68D-7590B98EB39B}
	EndGlobalSection
EndGlobal
